github.com/davecgh/go-spew v1.1.0 h1:ZDRjVQ15GmhC3fiQ8ni8+OwkZQO4DARzQgrnXU1Liz8=
github.com/davecgh/go-spew v1.1.0/go.mod h1:J7Y8YcW2NihsgmVo/mv3lAwl/skON4iLHjSsI+c5H38=
github.com/eliben/gogl v0.0.0-20240906142628-62eb196f5f6c h1:GVpwbFYCCbchRrreF+JlZEOzp2bQofsPKyu7xb4lrMs=
github.com/eliben/gogl v0.0.0-20240906142628-62eb196f5f6c/go.mod h1:fe6tTBFOti5VtsDDzyMu//FkeRs5PIUMRdL8y7I7ZW8=
github.com/hmdsefi/gograph v0.5.0 h1:U0MNQsD5ju3Dl6x+tehLrzgAFB/iglFT2PSAOo8+goo=
github.com/hmdsefi/gograph v0.5.0/go.mod h1:ZrmXi8bO0eWG86DQ4F0kinG1+2zSgZVKIbhadwSCEag=
github.com/oleiade/gomme v0.0.0-20231216113819-c8967c191356 h1:Y7xQ8JAaUHBT7RF1HM2xSeFF52Cg0f1Y+lRIvWooOro=
github.com/oleiade/gomme v0.0.0-20231216113819-c8967c191356/go.mod h1:TKoW7ZMyaZzZlLvEUHHcaQ0Sm420mtbRNTCmdx/HAac=
github.com/pmezard/go-difflib v1.0.0 h1:4DBwDE0NGyQoBHbLQYPwSUPoCMWR5BEzIk/f1lZbAQM=
github.com/pmezard/go-difflib v1.0.0/go.mod h1:iKH77koFhYxTK1pcRnkKkqfTogsbg7gZNVY4sRDYZ/4=
github.com/samber/lo v1.51.0 h1:kysRYLbHy/MB7kQZf5DSN50JHmMsNEdeY24VzJFu7wI=
github.com/samber/lo v1.51.0/go.mod h1:4+MXEGsJzbKGaUEQFKBq2xtfuznW9oz/WrgyzMzRoM0=
github.com/stretchr/testify v1.7.1 h1:5TQK59W5E3v0r2duFAb7P95B6hEeOyEnHRa8MjYSMTY=
github.com/stretchr/testify v1.7.1/go.mod h1:6Fq8oRcR53rry900zMqJjRRixrwX3KX962/h/Wwjteg=
golang.org/x/text v0.22.0 h1:bofq7m3/HAFvbF51jz3Q9wLg3jkvSPuiZu/pD1XwgtM=
golang.org/x/text v0.22.0/go.mod h1:YRoo4H8PVmsu+E3Ou7cqLVH8oXWIHVoX0jqUWALQhfY=
gopkg.in/yaml.v3 v3.0.0-20200313102051-9f266ea9e77c h1:dUUwHk2QECo/6vqA44rthZ8ie2QXMNeKRTHCNY2nXvo=
gopkg.in/yaml.v3 v3.0.0-20200313102051-9f266ea9e77c/go.mod h1:K4uyk7z7BCEPqu6E+C64Yfv1cQ7kz7rIZviUmN+EgEM=
